// !$*UTF8*$!
{
	archiveVersion = 1;
	classes = {
	};
	objectVersion = 50;
	objects = {

/* Begin PBXBuildFile section */
		D1307F8221778A6800A1FAEC /* SwiftyTesseract.framework in Frameworks */ = {isa = PBXBuildFile; fileRef = D1307F8121778A6800A1FAEC /* SwiftyTesseract.framework */; };
		D1307F8321778AF200A1FAEC /* tessdata in Resources */ = {isa = PBXBuildFile; fileRef = D1307F7F21778A6700A1FAEC /* tessdata */; };
		D1C278402177616D00776047 /* AppDelegate.swift in Sources */ = {isa = PBXBuildFile; fileRef = D1C2783F2177616D00776047 /* AppDelegate.swift */; };
		D1C278422177616D00776047 /* ViewController.swift in Sources */ = {isa = PBXBuildFile; fileRef = D1C278412177616D00776047 /* ViewController.swift */; };
		D1C278452177616D00776047 /* Main.storyboard in Resources */ = {isa = PBXBuildFile; fileRef = D1C278432177616D00776047 /* Main.storyboard */; };
		D1C278482177616D00776047 /* OCR_Example.xcdatamodeld in Sources */ = {isa = PBXBuildFile; fileRef = D1C278462177616D00776047 /* OCR_Example.xcdatamodeld */; };
		D1C2784A2177616F00776047 /* Assets.xcassets in Resources */ = {isa = PBXBuildFile; fileRef = D1C278492177616F00776047 /* Assets.xcassets */; };
		D1C2784D2177616F00776047 /* LaunchScreen.storyboard in Resources */ = {isa = PBXBuildFile; fileRef = D1C2784B2177616F00776047 /* LaunchScreen.storyboard */; };
		DB6C15595812A16BC8D4561C /* Pods_OCR_Example.framework in Frameworks */ = {isa = PBXBuildFile; fileRef = 4DA26D6BDB2D4FDA44F5F341 /* Pods_OCR_Example.framework */; };
/* End PBXBuildFile section */

/* Begin PBXFileReference section */
		14FFA615386B1A24E1BA1478 /* Pods-OCR-Example.release.xcconfig */ = {isa = PBXFileReference; includeInIndex = 1; lastKnownFileType = text.xcconfig; name = "Pods-OCR-Example.release.xcconfig"; path = "Pods/Target Support Files/Pods-OCR-Example/Pods-OCR-Example.release.xcconfig"; sourceTree = "<group>"; };
		4DA26D6BDB2D4FDA44F5F341 /* Pods_OCR_Example.framework */ = {isa = PBXFileReference; explicitFileType = wrapper.framework; includeInIndex = 0; path = Pods_OCR_Example.framework; sourceTree = BUILT_PRODUCTS_DIR; };
		D1307F7F21778A6700A1FAEC /* tessdata */ = {isa = PBXFileReference; lastKnownFileType = folder; path = tessdata; sourceTree = "<group>"; };
		D1307F8121778A6800A1FAEC /* SwiftyTesseract.framework */ = {isa = PBXFileReference; explicitFileType = wrapper.framework; path = SwiftyTesseract.framework; sourceTree = BUILT_PRODUCTS_DIR; };
		D1C2783C2177616C00776047 /* OCR-Example.app */ = {isa = PBXFileReference; explicitFileType = wrapper.application; includeInIndex = 0; path = "OCR-Example.app"; sourceTree = BUILT_PRODUCTS_DIR; };
		D1C2783F2177616D00776047 /* AppDelegate.swift */ = {isa = PBXFileReference; lastKnownFileType = sourcecode.swift; path = AppDelegate.swift; sourceTree = "<group>"; };
		D1C278412177616D00776047 /* ViewController.swift */ = {isa = PBXFileReference; lastKnownFileType = sourcecode.swift; path = ViewController.swift; sourceTree = "<group>"; };
		D1C278442177616D00776047 /* Base */ = {isa = PBXFileReference; lastKnownFileType = file.storyboard; name = Base; path = Base.lproj/Main.storyboard; sourceTree = "<group>"; };
		D1C278472177616D00776047 /* OCR_Example.xcdatamodel */ = {isa = PBXFileReference; lastKnownFileType = wrapper.xcdatamodel; path = OCR_Example.xcdatamodel; sourceTree = "<group>"; };
		D1C278492177616F00776047 /* Assets.xcassets */ = {isa = PBXFileReference; lastKnownFileType = folder.assetcatalog; path = Assets.xcassets; sourceTree = "<group>"; };
		D1C2784C2177616F00776047 /* Base */ = {isa = PBXFileReference; lastKnownFileType = file.storyboard; name = Base; path = Base.lproj/LaunchScreen.storyboard; sourceTree = "<group>"; };
		D1C2784E2177616F00776047 /* Info.plist */ = {isa = PBXFileReference; lastKnownFileType = text.plist.xml; path = Info.plist; sourceTree = "<group>"; };
		F0E37EC289E27291150EF140 /* Pods-OCR-Example.debug.xcconfig */ = {isa = PBXFileReference; includeInIndex = 1; lastKnownFileType = text.xcconfig; name = "Pods-OCR-Example.debug.xcconfig"; path = "Pods/Target Support Files/Pods-OCR-Example/Pods-OCR-Example.debug.xcconfig"; sourceTree = "<group>"; };
/* End PBXFileReference section */

/* Begin PBXFrameworksBuildPhase section */
		D1C278392177616C00776047 /* Frameworks */ = {
			isa = PBXFrameworksBuildPhase;
			buildActionMask = 2147483647;
			files = (
				D1307F8221778A6800A1FAEC /* SwiftyTesseract.framework in Frameworks */,
				DB6C15595812A16BC8D4561C /* Pods_OCR_Example.framework in Frameworks */,
			);
			runOnlyForDeploymentPostprocessing = 0;
		};
/* End PBXFrameworksBuildPhase section */

/* Begin PBXGroup section */
		2485609706AB69D325983E84 /* Frameworks */ = {
			isa = PBXGroup;
			children = (
				D1307F8121778A6800A1FAEC /* SwiftyTesseract.framework */,
				4DA26D6BDB2D4FDA44F5F341 /* Pods_OCR_Example.framework */,
			);
			name = Frameworks;
			sourceTree = "<group>";
		};
		491FC3BAFC82DA648F9BD8CB /* Pods */ = {
			isa = PBXGroup;
			children = (
				F0E37EC289E27291150EF140 /* Pods-OCR-Example.debug.xcconfig */,
				14FFA615386B1A24E1BA1478 /* Pods-OCR-Example.release.xcconfig */,
			);
			name = Pods;
			sourceTree = "<group>";
		};
		D1528FC021776464000D0256 /* Supporting Files */ = {
			isa = PBXGroup;
			children = (
				D1307F7F21778A6700A1FAEC /* tessdata */,
			);
			path = "Supporting Files";
			sourceTree = "<group>";
		};
		D1C278332177616C00776047 = {
			isa = PBXGroup;
			children = (
				D1C2783E2177616C00776047 /* OCR-Example */,
				D1C2783D2177616C00776047 /* Products */,
				491FC3BAFC82DA648F9BD8CB /* Pods */,
				2485609706AB69D325983E84 /* Frameworks */,
			);
			sourceTree = "<group>";
		};
		D1C2783D2177616C00776047 /* Products */ = {
			isa = PBXGroup;
			children = (
				D1C2783C2177616C00776047 /* OCR-Example.app */,
			);
			name = Products;
			sourceTree = "<group>";
		};
		D1C2783E2177616C00776047 /* OCR-Example */ = {
			isa = PBXGroup;
			children = (
				D1528FC021776464000D0256 /* Supporting Files */,
				D1C2783F2177616D00776047 /* AppDelegate.swift */,
				D1C278412177616D00776047 /* ViewController.swift */,
				D1C278432177616D00776047 /* Main.storyboard */,
				D1C278492177616F00776047 /* Assets.xcassets */,
				D1C2784B2177616F00776047 /* LaunchScreen.storyboard */,
				D1C2784E2177616F00776047 /* Info.plist */,
				D1C278462177616D00776047 /* OCR_Example.xcdatamodeld */,
			);
			path = "OCR-Example";
			sourceTree = "<group>";
		};
/* End PBXGroup section */

/* Begin PBXNativeTarget section */
		D1C2783B2177616C00776047 /* OCR-Example */ = {
			isa = PBXNativeTarget;
			buildConfigurationList = D1C278512177616F00776047 /* Build configuration list for PBXNativeTarget "OCR-Example" */;
			buildPhases = (
				834BD1C7AFA0EA7C373AA78E /* [CP] Check Pods Manifest.lock */,
				D1C278382177616C00776047 /* Sources */,
				D1C278392177616C00776047 /* Frameworks */,
				D1C2783A2177616C00776047 /* Resources */,
				774BB90BEFDF745DCB5A3842 /* [CP] Embed Pods Frameworks */,
			);
			buildRules = (
			);
			dependencies = (
			);
			name = "OCR-Example";
			productName = "OCR-Example";
			productReference = D1C2783C2177616C00776047 /* OCR-Example.app */;
			productType = "com.apple.product-type.application";
		};
/* End PBXNativeTarget section */

/* Begin PBXProject section */
		D1C278342177616C00776047 /* Project object */ = {
			isa = PBXProject;
			attributes = {
				LastSwiftUpdateCheck = 1000;
				LastUpgradeCheck = 1000;
				ORGANIZATIONNAME = "Jan Steeg";
				TargetAttributes = {
					D1C2783B2177616C00776047 = {
						CreatedOnToolsVersion = 10.0;
					};
				};
			};
			buildConfigurationList = D1C278372177616C00776047 /* Build configuration list for PBXProject "OCR-Example" */;
			compatibilityVersion = "Xcode 9.3";
			developmentRegion = en;
			hasScannedForEncodings = 0;
			knownRegions = (
				en,
				Base,
			);
			mainGroup = D1C278332177616C00776047;
			productRefGroup = D1C2783D2177616C00776047 /* Products */;
			projectDirPath = "";
			projectRoot = "";
			targets = (
				D1C2783B2177616C00776047 /* OCR-Example */,
			);
		};
/* End PBXProject section */

/* Begin PBXResourcesBuildPhase section */
		D1C2783A2177616C00776047 /* Resources */ = {
			isa = PBXResourcesBuildPhase;
			buildActionMask = 2147483647;
			files = (
				D1307F8321778AF200A1FAEC /* tessdata in Resources */,
				D1C2784D2177616F00776047 /* LaunchScreen.storyboard in Resources */,
				D1C2784A2177616F00776047 /* Assets.xcassets in Resources */,
				D1C278452177616D00776047 /* Main.storyboard in Resources */,
			);
			runOnlyForDeploymentPostprocessing = 0;
		};
/* End PBXResourcesBuildPhase section */

/* Begin PBXShellScriptBuildPhase section */
		774BB90BEFDF745DCB5A3842 /* [CP] Embed Pods Frameworks */ = {
			isa = PBXShellScriptBuildPhase;
			buildActionMask = 2147483647;
			files = (
			);
			inputFileListPaths = (
			);
			inputPaths = (
				"${SRCROOT}/Pods/Target Support Files/Pods-OCR-Example/Pods-OCR-Example-frameworks.sh",
				"${BUILT_PRODUCTS_DIR}/SwiftyTesseract/SwiftyTesseract.framework",
			);
			name = "[CP] Embed Pods Frameworks";
			outputFileListPaths = (
			);
			outputPaths = (
				"${TARGET_BUILD_DIR}/${FRAMEWORKS_FOLDER_PATH}/SwiftyTesseract.framework",
			);
			runOnlyForDeploymentPostprocessing = 0;
			shellPath = /bin/sh;
			shellScript = "\"${SRCROOT}/Pods/Target Support Files/Pods-OCR-Example/Pods-OCR-Example-frameworks.sh\"\n";
			showEnvVarsInLog = 0;
		};
		834BD1C7AFA0EA7C373AA78E /* [CP] Check Pods Manifest.lock */ = {
			isa = PBXShellScriptBuildPhase;
			buildActionMask = 2147483647;
			files = (
			);
			inputFileListPaths = (
			);
			inputPaths = (
				"${PODS_PODFILE_DIR_PATH}/Podfile.lock",
				"${PODS_ROOT}/Manifest.lock",
			);
			name = "[CP] Check Pods Manifest.lock";
			outputFileListPaths = (
			);
			outputPaths = (
				"$(DERIVED_FILE_DIR)/Pods-OCR-Example-checkManifestLockResult.txt",
			);
			runOnlyForDeploymentPostprocessing = 0;
			shellPath = /bin/sh;
			shellScript = "diff \"${PODS_PODFILE_DIR_PATH}/Podfile.lock\" \"${PODS_ROOT}/Manifest.lock\" > /dev/null\nif [ $? != 0 ] ; then\n    # print error to STDERR\n    echo \"error: The sandbox is not in sync with the Podfile.lock. Run 'pod install' or update your CocoaPods installation.\" >&2\n    exit 1\nfi\n# This output is used by Xcode 'outputs' to avoid re-running this script phase.\necho \"SUCCESS\" > \"${SCRIPT_OUTPUT_FILE_0}\"\n";
			showEnvVarsInLog = 0;
		};
/* End PBXShellScriptBuildPhase section */

/* Begin PBXSourcesBuildPhase section */
		D1C278382177616C00776047 /* Sources */ = {
			isa = PBXSourcesBuildPhase;
			buildActionMask = 2147483647;
			files = (
				D1C278482177616D00776047 /* OCR_Example.xcdatamodeld in Sources */,
				D1C278422177616D00776047 /* ViewController.swift in Sources */,
				D1C278402177616D00776047 /* AppDelegate.swift in Sources */,
			);
			runOnlyForDeploymentPostprocessing = 0;
		};
/* End PBXSourcesBuildPhase section */

/* Begin PBXVariantGroup section */
		D1C278432177616D00776047 /* Main.storyboard */ = {
			isa = PBXVariantGroup;
			children = (
				D1C278442177616D00776047 /* Base */,
			);
			name = Main.storyboard;
			sourceTree = "<group>";
		};
		D1C2784B2177616F00776047 /* LaunchScreen.storyboard */ = {
			isa = PBXVariantGroup;
			children = (
				D1C2784C2177616F00776047 /* Base */,
			);
			name = LaunchScreen.storyboard;
			sourceTree = "<group>";
		};
/* End PBXVariantGroup section */

/* Begin XCBuildConfiguration section */
		D1C2784F2177616F00776047 /* Debug */ = {
			isa = XCBuildConfiguration;
			buildSettings = {
				ALWAYS_SEARCH_USER_PATHS = NO;
				CLANG_ANALYZER_NONNULL = YES;
				CLANG_ANALYZER_NUMBER_OBJECT_CONVERSION = YES_AGGRESSIVE;
				CLANG_CXX_LANGUAGE_STANDARD = "gnu++14";
				CLANG_CXX_LIBRARY = "libc++";
				CLANG_ENABLE_MODULES = YES;
				CLANG_ENABLE_OBJC_ARC = YES;
				CLANG_ENABLE_OBJC_WEAK = YES;
				CLANG_WARN_BLOCK_CAPTURE_AUTORELEASING = YES;
				CLANG_WARN_BOOL_CONVERSION = YES;
				CLANG_WARN_COMMA = YES;
				CLANG_WARN_CONSTANT_CONVERSION = YES;
				CLANG_WARN_DEPRECATED_OBJC_IMPLEMENTATIONS = YES;
				CLANG_WARN_DIRECT_OBJC_ISA_USAGE = YES_ERROR;
				CLANG_WARN_DOCUMENTATION_COMMENTS = YES;
				CLANG_WARN_EMPTY_BODY = YES;
				CLANG_WARN_ENUM_CONVERSION = YES;
				CLANG_WARN_INFINITE_RECURSION = YES;
				CLANG_WARN_INT_CONVERSION = YES;
				CLANG_WARN_NON_LITERAL_NULL_CONVERSION = YES;
				CLANG_WARN_OBJC_IMPLICIT_RETAIN_SELF = YES;
				CLANG_WARN_OBJC_LITERAL_CONVERSION = YES;
				CLANG_WARN_OBJC_ROOT_CLASS = YES_ERROR;
				CLANG_WARN_RANGE_LOOP_ANALYSIS = YES;
				CLANG_WARN_STRICT_PROTOTYPES = YES;
				CLANG_WARN_SUSPICIOUS_MOVE = YES;
				CLANG_WARN_UNGUARDED_AVAILABILITY = YES_AGGRESSIVE;
				CLANG_WARN_UNREACHABLE_CODE = YES;
				CLANG_WARN__DUPLICATE_METHOD_MATCH = YES;
				CODE_SIGN_IDENTITY = "iPhone Developer";
				COPY_PHASE_STRIP = NO;
				DEBUG_INFORMATION_FORMAT = dwarf;
				ENABLE_STRICT_OBJC_MSGSEND = YES;
				ENABLE_TESTABILITY = YES;
				GCC_C_LANGUAGE_STANDARD = gnu11;
				GCC_DYNAMIC_NO_PIC = NO;
				GCC_NO_COMMON_BLOCKS = YES;
				GCC_OPTIMIZATION_LEVEL = 0;
				GCC_PREPROCESSOR_DEFINITIONS = (
					"DEBUG=1",
					"$(inherited)",
				);
				GCC_WARN_64_TO_32_BIT_CONVERSION = YES;
				GCC_WARN_ABOUT_RETURN_TYPE = YES_ERROR;
				GCC_WARN_UNDECLARED_SELECTOR = YES;
				GCC_WARN_UNINITIALIZED_AUTOS = YES_AGGRESSIVE;
				GCC_WARN_UNUSED_FUNCTION = YES;
				GCC_WARN_UNUSED_VARIABLE = YES;
				IPHONEOS_DEPLOYMENT_TARGET = 12.0;
				MTL_ENABLE_DEBUG_INFO = INCLUDE_SOURCE;
				MTL_FAST_MATH = YES;
				ONLY_ACTIVE_ARCH = YES;
				SDKROOT = iphoneos;
				SWIFT_ACTIVE_COMPILATION_CONDITIONS = DEBUG;
				SWIFT_OPTIMIZATION_LEVEL = "-Onone";
			};
			name = Debug;
		};
		D1C278502177616F00776047 /* Release */ = {
			isa = XCBuildConfiguration;
			buildSettings = {
				ALWAYS_SEARCH_USER_PATHS = NO;
				CLANG_ANALYZER_NONNULL = YES;
				CLANG_ANALYZER_NUMBER_OBJECT_CONVERSION = YES_AGGRESSIVE;
				CLANG_CXX_LANGUAGE_STANDARD = "gnu++14";
				CLANG_CXX_LIBRARY = "libc++";
				CLANG_ENABLE_MODULES = YES;
				CLANG_ENABLE_OBJC_ARC = YES;
				CLANG_ENABLE_OBJC_WEAK = YES;
				CLANG_WARN_BLOCK_CAPTURE_AUTORELEASING = YES;
				CLANG_WARN_BOOL_CONVERSION = YES;
				CLANG_WARN_COMMA = YES;
				CLANG_WARN_CONSTANT_CONVERSION = YES;
				CLANG_WARN_DEPRECATED_OBJC_IMPLEMENTATIONS = YES;
				CLANG_WARN_DIRECT_OBJC_ISA_USAGE = YES_ERROR;
				CLANG_WARN_DOCUMENTATION_COMMENTS = YES;
				CLANG_WARN_EMPTY_BODY = YES;
				CLANG_WARN_ENUM_CONVERSION = YES;
				CLANG_WARN_INFINITE_RECURSION = YES;
				CLANG_WARN_INT_CONVERSION = YES;
				CLANG_WARN_NON_LITERAL_NULL_CONVERSION = YES;
				CLANG_WARN_OBJC_IMPLICIT_RETAIN_SELF = YES;
				CLANG_WARN_OBJC_LITERAL_CONVERSION = YES;
				CLANG_WARN_OBJC_ROOT_CLASS = YES_ERROR;
				CLANG_WARN_RANGE_LOOP_ANALYSIS = YES;
				CLANG_WARN_STRICT_PROTOTYPES = YES;
				CLANG_WARN_SUSPICIOUS_MOVE = YES;
				CLANG_WARN_UNGUARDED_AVAILABILITY = YES_AGGRESSIVE;
				CLANG_WARN_UNREACHABLE_CODE = YES;
				CLANG_WARN__DUPLICATE_METHOD_MATCH = YES;
				CODE_SIGN_IDENTITY = "iPhone Developer";
				COPY_PHASE_STRIP = NO;
				DEBUG_INFORMATION_FORMAT = "dwarf-with-dsym";
				ENABLE_NS_ASSERTIONS = NO;
				ENABLE_STRICT_OBJC_MSGSEND = YES;
				GCC_C_LANGUAGE_STANDARD = gnu11;
				GCC_NO_COMMON_BLOCKS = YES;
				GCC_WARN_64_TO_32_BIT_CONVERSION = YES;
				GCC_WARN_ABOUT_RETURN_TYPE = YES_ERROR;
				GCC_WARN_UNDECLARED_SELECTOR = YES;
				GCC_WARN_UNINITIALIZED_AUTOS = YES_AGGRESSIVE;
				GCC_WARN_UNUSED_FUNCTION = YES;
				GCC_WARN_UNUSED_VARIABLE = YES;
				IPHONEOS_DEPLOYMENT_TARGET = 12.0;
				MTL_ENABLE_DEBUG_INFO = NO;
				MTL_FAST_MATH = YES;
				SDKROOT = iphoneos;
				SWIFT_COMPILATION_MODE = wholemodule;
				SWIFT_OPTIMIZATION_LEVEL = "-O";
				VALIDATE_PRODUCT = YES;
			};
			name = Release;
		};
		D1C278522177616F00776047 /* Debug */ = {
			isa = XCBuildConfiguration;
			baseConfigurationReference = F0E37EC289E27291150EF140 /* Pods-OCR-Example.debug.xcconfig */;
			buildSettings = {
				ASSETCATALOG_COMPILER_APPICON_NAME = AppIcon;
				CODE_SIGN_STYLE = Automatic;
				DEVELOPMENT_TEAM = 9VNU42U762;
				INFOPLIST_FILE = "OCR-Example/Info.plist";
				LD_RUNPATH_SEARCH_PATHS = (
					"$(inherited)",
					"@executable_path/Frameworks",
				);
				PRODUCT_BUNDLE_IDENTIFIER = "de.karsil.OCR-Example";
				PRODUCT_NAME = "$(TARGET_NAME)";
				SWIFT_VERSION = 4.2;
				TARGETED_DEVICE_FAMILY = "1,2";
			};
			name = Debug;
		};
		D1C278532177616F00776047 /* Release */ = {
			isa = XCBuildConfiguration;
			baseConfigurationReference = 14FFA615386B1A24E1BA1478 /* Pods-OCR-Example.release.xcconfig */;
			buildSettings = {
				ASSETCATALOG_COMPILER_APPICON_NAME = AppIcon;
				CODE_SIGN_STYLE = Automatic;
				DEVELOPMENT_TEAM = 9VNU42U762;
				INFOPLIST_FILE = "OCR-Example/Info.plist";
				LD_RUNPATH_SEARCH_PATHS = (
					"$(inherited)",
					"@executable_path/Frameworks",
				);
				PRODUCT_BUNDLE_IDENTIFIER = "de.karsil.OCR-Example";
				PRODUCT_NAME = "$(TARGET_NAME)";
				SWIFT_VERSION = 4.2;
				TARGETED_DEVICE_FAMILY = "1,2";
			};
			name = Release;
		};
/* End XCBuildConfiguration section */

/* Begin XCConfigurationList section */
		D1C278372177616C00776047 /* Build configuration list for PBXProject "OCR-Example" */ = {
			isa = XCConfigurationList;
			buildConfigurations = (
				D1C2784F2177616F00776047 /* Debug */,
				D1C278502177616F00776047 /* Release */,
			);
			defaultConfigurationIsVisible = 0;
			defaultConfigurationName = Release;
		};
		D1C278512177616F00776047 /* Build configuration list for PBXNativeTarget "OCR-Example" */ = {
			isa = XCConfigurationList;
			buildConfigurations = (
				D1C278522177616F00776047 /* Debug */,
				D1C278532177616F00776047 /* Release */,
			);
			defaultConfigurationIsVisible = 0;
			defaultConfigurationName = Release;
		};
/* End XCConfigurationList section */

/* Begin XCVersionGroup section */
		D1C278462177616D00776047 /* OCR_Example.xcdatamodeld */ = {
			isa = XCVersionGroup;
			children = (
				D1C278472177616D00776047 /* OCR_Example.xcdatamodel */,
			);
			currentVersion = D1C278472177616D00776047 /* OCR_Example.xcdatamodel */;
			path = OCR_Example.xcdatamodeld;
			sourceTree = "<group>";
			versionGroupType = wrapper.xcdatamodel;
		};
/* End XCVersionGroup section */
	};
	rootObject = D1C278342177616C00776047 /* Project object */;
}
